version = 1
revision = 2
requires-python = ">=3.12"

[[package]]
name = "pygame"
version = "2.6.1"
source = { registry = "https://pypi.org/simple" }
sdist = { url = "https://files.pythonhosted.org/packages/49/cc/08bba60f00541f62aaa252ce0cfbd60aebd04616c0b9574f755b583e45ae/pygame-2.6.1.tar.gz", hash = "sha256:56fb02ead529cee00d415c3e007f75e0780c655909aaa8e8bf616ee09c9feb1f", size = 14808125, upload-time = "2024-09-29T13:41:34.698Z" }
wheels = [
    { url = "https://files.pythonhosted.org/packages/92/16/2c602c332f45ff9526d61f6bd764db5096ff9035433e2172e2d2cadae8db/pygame-2.6.1-cp312-cp312-macosx_10_9_x86_64.whl", hash = "sha256:4ee7f2771f588c966fa2fa8b829be26698c9b4836f82ede5e4edc1a68594942e", size = 13118279, upload-time = "2024-09-29T14:26:30.427Z" },
    { url = "https://files.pythonhosted.org/packages/cd/53/77ccbc384b251c6e34bfd2e734c638233922449a7844e3c7a11ef91cee39/pygame-2.6.1-cp312-cp312-macosx_11_0_arm64.whl", hash = "sha256:c8040ea2ab18c6b255af706ec01355c8a6b08dc48d77fd4ee783f8fc46a843bf", size = 12384524, upload-time = "2024-09-29T14:26:49.996Z" },
    { url = "https://files.pythonhosted.org/packages/06/be/3ed337583f010696c3b3435e89a74fb29d0c74d0931e8f33c0a4246307a9/pygame-2.6.1-cp312-cp312-manylinux_2_17_aarch64.manylinux2014_aarch64.whl", hash = "sha256:c47a6938de93fa610accd4969e638c2aebcb29b2fca518a84c3a39d91ab47116", size = 13587123, upload-time = "2024-09-29T11:10:50.072Z" },
    { url = "https://files.pythonhosted.org/packages/fd/ca/b015586a450db59313535662991b34d24c1f0c0dc149cc5f496573900f4e/pygame-2.6.1-cp312-cp312-manylinux_2_17_i686.manylinux2014_i686.whl", hash = "sha256:33006f784e1c7d7e466fcb61d5489da59cc5f7eb098712f792a225df1d4e229d", size = 14275532, upload-time = "2024-09-29T11:39:59.356Z" },
    { url = "https://files.pythonhosted.org/packages/b9/f2/d31e6ad42d657af07be2ffd779190353f759a07b51232b9e1d724f2cda46/pygame-2.6.1-cp312-cp312-manylinux_2_17_x86_64.manylinux2014_x86_64.whl", hash = "sha256:1206125f14cae22c44565c9d333607f1d9f59487b1f1432945dfc809aeaa3e88", size = 13952653, upload-time = "2024-09-29T11:40:01.781Z" },
    { url = "https://files.pythonhosted.org/packages/f3/42/8ea2a6979e6fa971702fece1747e862e2256d4a8558fe0da6364dd946c53/pygame-2.6.1-cp312-cp312-win32.whl", hash = "sha256:84fc4054e25262140d09d39e094f6880d730199710829902f0d8ceae0213379e", size = 10252421, upload-time = "2024-09-29T11:14:26.877Z" },
    { url = "https://files.pythonhosted.org/packages/5f/90/7d766d54bb95939725e9a9361f9c06b0cfbe3fe100aa35400f0a461a278a/pygame-2.6.1-cp312-cp312-win_amd64.whl", hash = "sha256:3a9e7396be0d9633831c3f8d5d82dd63ba373ad65599628294b7a4f8a5a01a65", size = 10624591, upload-time = "2024-09-29T11:52:54.489Z" },
    { url = "https://files.pythonhosted.org/packages/e1/91/718acf3e2a9d08a6ddcc96bd02a6f63c99ee7ba14afeaff2a51c987df0b9/pygame-2.6.1-cp313-cp313-macosx_10_13_x86_64.whl", hash = "sha256:ae6039f3a55d800db80e8010f387557b528d34d534435e0871326804df2a62f2", size = 13090765, upload-time = "2024-09-29T14:27:02.377Z" },
    { url = "https://files.pythonhosted.org/packages/0e/c6/9cb315de851a7682d9c7568a41ea042ee98d668cb8deadc1dafcab6116f0/pygame-2.6.1-cp313-cp313-macosx_11_0_arm64.whl", hash = "sha256:2a3a1288e2e9b1e5834e425bedd5ba01a3cd4902b5c2bff8ed4a740ccfe98171", size = 12381704, upload-time = "2024-09-29T14:27:10.228Z" },
    { url = "https://files.pythonhosted.org/packages/9f/8f/617a1196e31ae3b46be6949fbaa95b8c93ce15e0544266198c2266cc1b4d/pygame-2.6.1-cp313-cp313-manylinux_2_17_aarch64.manylinux2014_aarch64.whl", hash = "sha256:27eb17e3dc9640e4b4683074f1890e2e879827447770470c2aba9f125f74510b", size = 13581091, upload-time = "2024-09-29T11:30:27.653Z" },
    { url = "https://files.pythonhosted.org/packages/3b/87/2851a564e40a2dad353f1c6e143465d445dab18a95281f9ea458b94f3608/pygame-2.6.1-cp313-cp313-manylinux_2_17_i686.manylinux2014_i686.whl", hash = "sha256:4c1623180e70a03c4a734deb9bac50fc9c82942ae84a3a220779062128e75f3b", size = 14273844, upload-time = "2024-09-29T11:40:04.138Z" },
    { url = "https://files.pythonhosted.org/packages/85/b5/aa23aa2e70bcba42c989c02e7228273c30f3b44b9b264abb93eaeff43ad7/pygame-2.6.1-cp313-cp313-manylinux_2_17_x86_64.manylinux2014_x86_64.whl", hash = "sha256:ef07c0103d79492c21fced9ad68c11c32efa6801ca1920ebfd0f15fb46c78b1c", size = 13951197, upload-time = "2024-09-29T11:40:06.785Z" },
    { url = "https://files.pythonhosted.org/packages/a6/06/29e939b34d3f1354738c7d201c51c250ad7abefefaf6f8332d962ff67c4b/pygame-2.6.1-cp313-cp313-win32.whl", hash = "sha256:3acd8c009317190c2bfd81db681ecef47d5eb108c2151d09596d9c7ea9df5c0e", size = 10249309, upload-time = "2024-09-29T11:10:23.329Z" },
    { url = "https://files.pythonhosted.org/packages/7e/11/17f7f319ca91824b86557e9303e3b7a71991ef17fd45286bf47d7f0a38e6/pygame-2.6.1-cp313-cp313-win_amd64.whl", hash = "sha256:813af4fba5d0b2cb8e58f5d95f7910295c34067dcc290d34f1be59c48bd1ea6a", size = 10620084, upload-time = "2024-09-29T11:48:51.587Z" },
]

[[package]]
name = "pyopengl"
version = "3.1.9"
source = { registry = "https://pypi.org/simple" }
sdist = { url = "https://files.pythonhosted.org/packages/c0/42/71080db298df3ddb7e3090bfea8fd7c300894d8b10954c22f8719bd434eb/pyopengl-3.1.9.tar.gz", hash = "sha256:28ebd82c5f4491a418aeca9672dffb3adbe7d33b39eada4548a5b4e8c03f60c8", size = 1913642, upload-time = "2025-01-20T02:17:53.263Z" }
wheels = [
    { url = "https://files.pythonhosted.org/packages/92/44/8634af40b0db528b5b37e901c0dc67321354880d251bf8965901d57693a5/PyOpenGL-3.1.9-py3-none-any.whl", hash = "sha256:15995fd3b0deb991376805da36137a4ae5aba6ddbb5e29ac1f35462d130a3f77", size = 3190341, upload-time = "2025-01-20T02:17:50.913Z" },
]

[[package]]
name = "pyopengl-accelerate"
version = "3.1.9"
source = { registry = "https://pypi.org/simple" }
sdist = { url = "https://files.pythonhosted.org/packages/9d/9e/a87f972148971c785773dcc792226530ff78840420e34b3cc51b221693a2/pyopengl_accelerate-3.1.9.tar.gz", hash = "sha256:85957c7c76975818ff759ec9243f9dc7091ef6f373ea37a2eb50c320fd9a86f3", size = 21799, upload-time = "2025-01-20T02:19:47.081Z" }
wheels = [
    { url = "https://files.pythonhosted.org/packages/4b/8f/dc306a0c35d6953e33f672d7ab33c49091e39fea97d212ab707a65de4275/PyOpenGL_accelerate-3.1.9-cp312-cp312-macosx_11_0_arm64.whl", hash = "sha256:7981bc643edd6d30e35d08b393ec382773463e3aabb364695df51b9adbcf9e20", size = 450232, upload-time = "2025-01-20T02:18:35.892Z" },
    { url = "https://files.pythonhosted.org/packages/d9/8e/4780e54fe4a334f9e47075ad1b3f0d57775cdc9b33571c26221a3672f434/PyOpenGL_accelerate-3.1.9-cp312-cp312-manylinux_2_5_i686.manylinux1_i686.manylinux_2_17_i686.manylinux2014_i686.whl", hash = "sha256:15a4c6a11dcfc9eec311f3596cda62fff2965ad6d62919415fb6573f7ef8c1c9", size = 2986440, upload-time = "2025-01-20T02:18:37.602Z" },
    { url = "https://files.pythonhosted.org/packages/42/ae/67ddc9674d07c1900b0f094a16d2fa996492ffb25ad974e5af4e53dcad22/PyOpenGL_accelerate-3.1.9-cp312-cp312-manylinux_2_5_x86_64.manylinux1_x86_64.manylinux_2_17_x86_64.manylinux2014_x86_64.whl", hash = "sha256:2b6f1f3680f33f10e67bb679ac0fb6946905a22e52d2eba71a66bf9d3ef94b33", size = 3217129, upload-time = "2025-01-20T02:18:39.443Z" },
    { url = "https://files.pythonhosted.org/packages/05/ff/3f488220088baeb9699d2ad26788218efa9b6963346de52eb476601a071d/PyOpenGL_accelerate-3.1.9-cp312-cp312-musllinux_1_2_i686.whl", hash = "sha256:b58837914dbd6f89ba831d4a3dede1595a74485d7b476483966f08bac9bd4320", size = 2935214, upload-time = "2025-01-20T02:18:41.104Z" },
    { url = "https://files.pythonhosted.org/packages/c8/71/460665cf2d56c5e0fc07241272a39199ed40df6a6db5fb7fb3a224d614a8/PyOpenGL_accelerate-3.1.9-cp312-cp312-musllinux_1_2_x86_64.whl", hash = "sha256:4cd6d767de3c81b538682058c6114587bfa5e4a263d0f4b023b0404fce07d6d7", size = 3090475, upload-time = "2025-01-20T02:18:43.467Z" },
    { url = "https://files.pythonhosted.org/packages/20/82/850e4972244eb65dbfac64bf46f504b04c29b97526ba62a5ecacb9a9cbc5/PyOpenGL_accelerate-3.1.9-cp312-cp312-win32.whl", hash = "sha256:8042393b3869b455d67b60e6c87dc349ae89d3a0858f8018f8bd8d69f323ac3c", size = 360799, upload-time = "2025-01-20T02:18:45.743Z" },
    { url = "https://files.pythonhosted.org/packages/6b/09/4c4975841c9e88ed9ef79940b0f714fc1af40b653f0697a4b37b7ba4eb92/PyOpenGL_accelerate-3.1.9-cp312-cp312-win_amd64.whl", hash = "sha256:a78731c88a81a895cf9849139bffb40cbea9fb0e640ccc3cbc38ea909e1234f4", size = 422447, upload-time = "2025-01-20T02:18:47.764Z" },
    { url = "https://files.pythonhosted.org/packages/1c/69/896cab645d4f7c755eaaea71834811cd19e09003a9dbfa9273ba0aa42e10/PyOpenGL_accelerate-3.1.9-cp313-cp313-macosx_11_0_arm64.whl", hash = "sha256:95fd40a537637355fb7f0a03c055fbad6efdeea059607f4966b7631b580353c5", size = 438474, upload-time = "2025-01-20T02:18:49.162Z" },
    { url = "https://files.pythonhosted.org/packages/e8/a3/3c8770ebfef3530f71722743c04632c3594b544461ce10ee4bc13f6aa6e9/PyOpenGL_accelerate-3.1.9-cp313-cp313-manylinux_2_5_i686.manylinux1_i686.manylinux_2_17_i686.manylinux2014_i686.whl", hash = "sha256:d5992ebf8befb6e45c6198e45f0f2d8fa26c30cbae68a1f08d6646c6d95b5605", size = 2899068, upload-time = "2025-01-20T02:18:50.661Z" },
    { url = "https://files.pythonhosted.org/packages/6a/95/22c07ec2414928ddb50eb0e35d6cd6343ffef6ad74f42e86fefbaaa6b04e/PyOpenGL_accelerate-3.1.9-cp313-cp313-manylinux_2_5_x86_64.manylinux1_x86_64.manylinux_2_17_x86_64.manylinux2014_x86_64.whl", hash = "sha256:10ab017316dc8bced13b2426b9cc6ab9aeb627ca020e9bc0836ef92b5e0942ea", size = 3119442, upload-time = "2025-01-20T02:18:52.281Z" },
    { url = "https://files.pythonhosted.org/packages/b2/76/8095f7c5b68376cbde9e32c4be20089fb055558010580fdb3eff6f9c2e99/PyOpenGL_accelerate-3.1.9-cp313-cp313-musllinux_1_2_i686.whl", hash = "sha256:d80dab32facd0195e8213754a7a71ba9d9343e413ff84bd8e552d7a66552b254", size = 2853493, upload-time = "2025-01-20T02:18:53.948Z" },
    { url = "https://files.pythonhosted.org/packages/d2/21/9acfae57fa636290380b7c43e4bd57fc513f04b75a036372306458be80ac/PyOpenGL_accelerate-3.1.9-cp313-cp313-musllinux_1_2_x86_64.whl", hash = "sha256:eb56fa15bdf1a029a8bf1682f5af436b02e721fcd1b43cf05eeda99ca9b6a9e1", size = 3006703, upload-time = "2025-01-20T02:18:55.746Z" },
    { url = "https://files.pythonhosted.org/packages/ef/ab/5a3c821ed47a7bce8dfe6d35a9dd903b2906f5cf8380d29620ca86cb4d02/PyOpenGL_accelerate-3.1.9-cp313-cp313-win32.whl", hash = "sha256:19dda83f7c96f598b8bc895ee2199bd1c45d064993175bbbe251905b9d9b40a4", size = 357167, upload-time = "2025-01-20T02:18:57.844Z" },
    { url = "https://files.pythonhosted.org/packages/03/d3/b0b5b4c5404d7269458f4297b2fe86017daed8f29f40f07eb25ee51c902e/PyOpenGL_accelerate-3.1.9-cp313-cp313-win_amd64.whl", hash = "sha256:ed02cc9abd7662e787bc7491bf7f78f6536cf550a148d0fbff6727bed9b57124", size = 417563, upload-time = "2025-01-20T02:18:59.803Z" },
]

[[package]]
name = "shmup"
version = "0.1.0"
source = { virtual = "." }
dependencies = [
    { name = "pygame" },
    { name = "pyopengl" },
    { name = "pyopengl-accelerate" },
]

[package.metadata]
requires-dist = [
    { name = "pygame", specifier = ">=2.6.1" },
    { name = "pyopengl", specifier = ">=3.1.9" },
    { name = "pyopengl-accelerate", specifier = ">=3.1.9" },
]
